// !$*UTF8*$!
{
	archiveVersion = 1;
	classes = {
	};
	objectVersion = 50;
	objects = {

/* Begin PBXBuildFile section */
		2FA9F0492531D65C00E685C5 /* AppDelegate.swift in Sources */ = {isa = PBXBuildFile; fileRef = 2FA9F0482531D65C00E685C5 /* AppDelegate.swift */; };
		2FA9F04B2531D65C00E685C5 /* SceneDelegate.swift in Sources */ = {isa = PBXBuildFile; fileRef = 2FA9F04A2531D65C00E685C5 /* SceneDelegate.swift */; };
		2FA9F04D2531D65C00E685C5 /* MainViewController.swift in Sources */ = {isa = PBXBuildFile; fileRef = 2FA9F04C2531D65C00E685C5 /* MainViewController.swift */; };
		2FA9F0502531D65C00E685C5 /* Main.storyboard in Resources */ = {isa = PBXBuildFile; fileRef = 2FA9F04E2531D65C00E685C5 /* Main.storyboard */; };
		2FA9F0522531D65E00E685C5 /* Assets.xcassets in Resources */ = {isa = PBXBuildFile; fileRef = 2FA9F0512531D65E00E685C5 /* Assets.xcassets */; };
		2FA9F0552531D65E00E685C5 /* LaunchScreen.storyboard in Resources */ = {isa = PBXBuildFile; fileRef = 2FA9F0532531D65E00E685C5 /* LaunchScreen.storyboard */; };
		2FA9F05F2531D71500E685C5 /* Funcionario.swift in Sources */ = {isa = PBXBuildFile; fileRef = 2FA9F05E2531D71500E685C5 /* Funcionario.swift */; };
		2FA9F0622531E1E600E685C5 /* FuncionarioTableViewCell.swift in Sources */ = {isa = PBXBuildFile; fileRef = 2FA9F0602531E1E600E685C5 /* FuncionarioTableViewCell.swift */; };
		2FA9F0632531E1E600E685C5 /* FuncionarioTableViewCell.xib in Resources */ = {isa = PBXBuildFile; fileRef = 2FA9F0612531E1E600E685C5 /* FuncionarioTableViewCell.xib */; };
/* End PBXBuildFile section */

/* Begin PBXFileReference section */
		2FA9F0452531D65C00E685C5 /* AppFuncionarios.app */ = {isa = PBXFileReference; explicitFileType = wrapper.application; includeInIndex = 0; path = AppFuncionarios.app; sourceTree = BUILT_PRODUCTS_DIR; };
		2FA9F0482531D65C00E685C5 /* AppDelegate.swift */ = {isa = PBXFileReference; lastKnownFileType = sourcecode.swift; path = AppDelegate.swift; sourceTree = "<group>"; };
		2FA9F04A2531D65C00E685C5 /* SceneDelegate.swift */ = {isa = PBXFileReference; lastKnownFileType = sourcecode.swift; path = SceneDelegate.swift; sourceTree = "<group>"; };
		2FA9F04C2531D65C00E685C5 /* MainViewController.swift */ = {isa = PBXFileReference; lastKnownFileType = sourcecode.swift; path = MainViewController.swift; sourceTree = "<group>"; };
		2FA9F04F2531D65C00E685C5 /* Base */ = {isa = PBXFileReference; lastKnownFileType = file.storyboard; name = Base; path = Base.lproj/Main.storyboard; sourceTree = "<group>"; };
		2FA9F0512531D65E00E685C5 /* Assets.xcassets */ = {isa = PBXFileReference; lastKnownFileType = folder.assetcatalog; path = Assets.xcassets; sourceTree = "<group>"; };
		2FA9F0542531D65E00E685C5 /* Base */ = {isa = PBXFileReference; lastKnownFileType = file.storyboard; name = Base; path = Base.lproj/LaunchScreen.storyboard; sourceTree = "<group>"; };
		2FA9F0562531D65F00E685C5 /* Info.plist */ = {isa = PBXFileReference; lastKnownFileType = text.plist.xml; path = Info.plist; sourceTree = "<group>"; };
		2FA9F05E2531D71500E685C5 /* Funcionario.swift */ = {isa = PBXFileReference; lastKnownFileType = sourcecode.swift; path = Funcionario.swift; sourceTree = "<group>"; };
		2FA9F0602531E1E600E685C5 /* FuncionarioTableViewCell.swift */ = {isa = PBXFileReference; lastKnownFileType = sourcecode.swift; path = FuncionarioTableViewCell.swift; sourceTree = "<group>"; };
		2FA9F0612531E1E600E685C5 /* FuncionarioTableViewCell.xib */ = {isa = PBXFileReference; lastKnownFileType = file.xib; path = FuncionarioTableViewCell.xib; sourceTree = "<group>"; };
/* End PBXFileReference section */

/* Begin PBXFrameworksBuildPhase section */
		2FA9F0422531D65C00E685C5 /* Frameworks */ = {
			isa = PBXFrameworksBuildPhase;
			buildActionMask = 2147483647;
			files = (
			);
			runOnlyForDeploymentPostprocessing = 0;
		};
/* End PBXFrameworksBuildPhase section */

/* Begin PBXGroup section */
		2FA9F03C2531D65C00E685C5 = {
			isa = PBXGroup;
			children = (
				2FA9F0472531D65C00E685C5 /* AppFuncionarios */,
				2FA9F0462531D65C00E685C5 /* Products */,
			);
			sourceTree = "<group>";
		};
		2FA9F0462531D65C00E685C5 /* Products */ = {
			isa = PBXGroup;
			children = (
				2FA9F0452531D65C00E685C5 /* AppFuncionarios.app */,
			);
			name = Products;
			sourceTree = "<group>";
		};
		2FA9F0472531D65C00E685C5 /* AppFuncionarios */ = {
			isa = PBXGroup;
			children = (
				2FA9F05D2531D70100E685C5 /* Models */,
				2FA9F05C2531D68800E685C5 /* Views */,
				2FA9F0482531D65C00E685C5 /* AppDelegate.swift */,
				2FA9F04A2531D65C00E685C5 /* SceneDelegate.swift */,
				2FA9F04E2531D65C00E685C5 /* Main.storyboard */,
				2FA9F0512531D65E00E685C5 /* Assets.xcassets */,
				2FA9F0532531D65E00E685C5 /* LaunchScreen.storyboard */,
				2FA9F0562531D65F00E685C5 /* Info.plist */,
			);
			path = AppFuncionarios;
			sourceTree = "<group>";
		};
		2FA9F05C2531D68800E685C5 /* Views */ = {
			isa = PBXGroup;
			children = (
				2FA9F04C2531D65C00E685C5 /* MainViewController.swift */,
				2FA9F0602531E1E600E685C5 /* FuncionarioTableViewCell.swift */,
				2FA9F0612531E1E600E685C5 /* FuncionarioTableViewCell.xib */,
			);
			path = Views;
			sourceTree = "<group>";
		};
		2FA9F05D2531D70100E685C5 /* Models */ = {
			isa = PBXGroup;
			children = (
				2FA9F05E2531D71500E685C5 /* Funcionario.swift */,
			);
			path = Models;
			sourceTree = "<group>";
		};
/* End PBXGroup section */

/* Begin PBXNativeTarget section */
		2FA9F0442531D65C00E685C5 /* AppFuncionarios */ = {
			isa = PBXNativeTarget;
			buildConfigurationList = 2FA9F0592531D65F00E685C5 /* Build configuration list for PBXNativeTarget "AppFuncionarios" */;
			buildPhases = (
				2FA9F0412531D65C00E685C5 /* Sources */,
				2FA9F0422531D65C00E685C5 /* Frameworks */,
				2FA9F0432531D65C00E685C5 /* Resources */,
			);
			buildRules = (
			);
			dependencies = (
			);
			name = AppFuncionarios;
			productName = AppFuncionarios;
			productReference = 2FA9F0452531D65C00E685C5 /* AppFuncionarios.app */;
			productType = "com.apple.product-type.application";
		};
/* End PBXNativeTarget section */

/* Begin PBXProject section */
		2FA9F03D2531D65C00E685C5 /* Project object */ = {
			isa = PBXProject;
			attributes = {
				LastSwiftUpdateCheck = 1170;
				LastUpgradeCheck = 1170;
				ORGANIZATIONNAME = "Matheus B. Grigoletto";
				TargetAttributes = {
					2FA9F0442531D65C00E685C5 = {
						CreatedOnToolsVersion = 11.7;
					};
				};
			};
			buildConfigurationList = 2FA9F0402531D65C00E685C5 /* Build configuration list for PBXProject "AppFuncionarios" */;
			compatibilityVersion = "Xcode 9.3";
			developmentRegion = en;
			hasScannedForEncodings = 0;
			knownRegions = (
				en,
				Base,
			);
			mainGroup = 2FA9F03C2531D65C00E685C5;
			productRefGroup = 2FA9F0462531D65C00E685C5 /* Products */;
			projectDirPath = "";
			projectRoot = "";
			targets = (
				2FA9F0442531D65C00E685C5 /* AppFuncionarios */,
			);
		};
/* End PBXProject section */

/* Begin PBXResourcesBuildPhase section */
		2FA9F0432531D65C00E685C5 /* Resources */ = {
			isa = PBXResourcesBuildPhase;
			buildActionMask = 2147483647;
			files = (
				2FA9F0552531D65E00E685C5 /* LaunchScreen.storyboard in Resources */,
				2FA9F0632531E1E600E685C5 /* FuncionarioTableViewCell.xib in Resources */,
				2FA9F0522531D65E00E685C5 /* Assets.xcassets in Resources */,
				2FA9F0502531D65C00E685C5 /* Main.storyboard in Resources */,
			);
			runOnlyForDeploymentPostprocessing = 0;
		};
/* End PBXResourcesBuildPhase section */

/* Begin PBXSourcesBuildPhase section */
		2FA9F0412531D65C00E685C5 /* Sources */ = {
			isa = PBXSourcesBuildPhase;
			buildActionMask = 2147483647;
			files = (
				2FA9F04D2531D65C00E685C5 /* MainViewController.swift in Sources */,
				2FA9F05F2531D71500E685C5 /* Funcionario.swift in Sources */,
				2FA9F0622531E1E600E685C5 /* FuncionarioTableViewCell.swift in Sources */,
				2FA9F0492531D65C00E685C5 /* AppDelegate.swift in Sources */,
				2FA9F04B2531D65C00E685C5 /* SceneDelegate.swift in Sources */,
			);
			runOnlyForDeploymentPostprocessing = 0;
		};
/* End PBXSourcesBuildPhase section */

/* Begin PBXVariantGroup section */
		2FA9F04E2531D65C00E685C5 /* Main.storyboard */ = {
			isa = PBXVariantGroup;
			children = (
				2FA9F04F2531D65C00E685C5 /* Base */,
			);
			name = Main.storyboard;
			sourceTree = "<group>";
		};
		2FA9F0532531D65E00E685C5 /* LaunchScreen.storyboard */ = {
			isa = PBXVariantGroup;
			children = (
				2FA9F0542531D65E00E685C5 /* Base */,
			);
			name = LaunchScreen.storyboard;
			sourceTree = "<group>";
		};
/* End PBXVariantGroup section */

/* Begin XCBuildConfiguration section */
		2FA9F0572531D65F00E685C5 /* Debug */ = {
			isa = XCBuildConfiguration;
			buildSettings = {
				ALWAYS_SEARCH_USER_PATHS = NO;
				CLANG_ANALYZER_NONNULL = YES;
				CLANG_ANALYZER_NUMBER_OBJECT_CONVERSION = YES_AGGRESSIVE;
				CLANG_CXX_LANGUAGE_STANDARD = "gnu++14";
				CLANG_CXX_LIBRARY = "libc++";
				CLANG_ENABLE_MODULES = YES;
				CLANG_ENABLE_OBJC_ARC = YES;
				CLANG_ENABLE_OBJC_WEAK = YES;
				CLANG_WARN_BLOCK_CAPTURE_AUTORELEASING = YES;
				CLANG_WARN_BOOL_CONVERSION = YES;
				CLANG_WARN_COMMA = YES;
				CLANG_WARN_CONSTANT_CONVERSION = YES;
				CLANG_WARN_DEPRECATED_OBJC_IMPLEMENTATIONS = YES;
				CLANG_WARN_DIRECT_OBJC_ISA_USAGE = YES_ERROR;
				CLANG_WARN_DOCUMENTATION_COMMENTS = YES;
				CLANG_WARN_EMPTY_BODY = YES;
				CLANG_WARN_ENUM_CONVERSION = YES;
				CLANG_WARN_INFINITE_RECURSION = YES;
				CLANG_WARN_INT_CONVERSION = YES;
				CLANG_WARN_NON_LITERAL_NULL_CONVERSION = YES;
				CLANG_WARN_OBJC_IMPLICIT_RETAIN_SELF = YES;
				CLANG_WARN_OBJC_LITERAL_CONVERSION = YES;
				CLANG_WARN_OBJC_ROOT_CLASS = YES_ERROR;
				CLANG_WARN_RANGE_LOOP_ANALYSIS = YES;
				CLANG_WARN_STRICT_PROTOTYPES = YES;
				CLANG_WARN_SUSPICIOUS_MOVE = YES;
				CLANG_WARN_UNGUARDED_AVAILABILITY = YES_AGGRESSIVE;
				CLANG_WARN_UNREACHABLE_CODE = YES;
				CLANG_WARN__DUPLICATE_METHOD_MATCH = YES;
				COPY_PHASE_STRIP = NO;
				DEBUG_INFORMATION_FORMAT = dwarf;
				ENABLE_STRICT_OBJC_MSGSEND = YES;
				ENABLE_TESTABILITY = YES;
				GCC_C_LANGUAGE_STANDARD = gnu11;
				GCC_DYNAMIC_NO_PIC = NO;
				GCC_NO_COMMON_BLOCKS = YES;
				GCC_OPTIMIZATION_LEVEL = 0;
				GCC_PREPROCESSOR_DEFINITIONS = (
					"DEBUG=1",
					"$(inherited)",
				);
				GCC_WARN_64_TO_32_BIT_CONVERSION = YES;
				GCC_WARN_ABOUT_RETURN_TYPE = YES_ERROR;
				GCC_WARN_UNDECLARED_SELECTOR = YES;
				GCC_WARN_UNINITIALIZED_AUTOS = YES_AGGRESSIVE;
				GCC_WARN_UNUSED_FUNCTION = YES;
				GCC_WARN_UNUSED_VARIABLE = YES;
				IPHONEOS_DEPLOYMENT_TARGET = 13.7;
				MTL_ENABLE_DEBUG_INFO = INCLUDE_SOURCE;
				MTL_FAST_MATH = YES;
				ONLY_ACTIVE_ARCH = YES;
				SDKROOT = iphoneos;
				SWIFT_ACTIVE_COMPILATION_CONDITIONS = DEBUG;
				SWIFT_OPTIMIZATION_LEVEL = "-Onone";
			};
			name = Debug;
		};
		2FA9F0582531D65F00E685C5 /* Release */ = {
			isa = XCBuildConfiguration;
			buildSettings = {
				ALWAYS_SEARCH_USER_PATHS = NO;
				CLANG_ANALYZER_NONNULL = YES;
				CLANG_ANALYZER_NUMBER_OBJECT_CONVERSION = YES_AGGRESSIVE;
				CLANG_CXX_LANGUAGE_STANDARD = "gnu++14";
				CLANG_CXX_LIBRARY = "libc++";
				CLANG_ENABLE_MODULES = YES;
				CLANG_ENABLE_OBJC_ARC = YES;
				CLANG_ENABLE_OBJC_WEAK = YES;
				CLANG_WARN_BLOCK_CAPTURE_AUTORELEASING = YES;
				CLANG_WARN_BOOL_CONVERSION = YES;
				CLANG_WARN_COMMA = YES;
				CLANG_WARN_CONSTANT_CONVERSION = YES;
				CLANG_WARN_DEPRECATED_OBJC_IMPLEMENTATIONS = YES;
				CLANG_WARN_DIRECT_OBJC_ISA_USAGE = YES_ERROR;
				CLANG_WARN_DOCUMENTATION_COMMENTS = YES;
				CLANG_WARN_EMPTY_BODY = YES;
				CLANG_WARN_ENUM_CONVERSION = YES;
				CLANG_WARN_INFINITE_RECURSION = YES;
				CLANG_WARN_INT_CONVERSION = YES;
				CLANG_WARN_NON_LITERAL_NULL_CONVERSION = YES;
				CLANG_WARN_OBJC_IMPLICIT_RETAIN_SELF = YES;
				CLANG_WARN_OBJC_LITERAL_CONVERSION = YES;
				CLANG_WARN_OBJC_ROOT_CLASS = YES_ERROR;
				CLANG_WARN_RANGE_LOOP_ANALYSIS = YES;
				CLANG_WARN_STRICT_PROTOTYPES = YES;
				CLANG_WARN_SUSPICIOUS_MOVE = YES;
				CLANG_WARN_UNGUARDED_AVAILABILITY = YES_AGGRESSIVE;
				CLANG_WARN_UNREACHABLE_CODE = YES;
				CLANG_WARN__DUPLICATE_METHOD_MATCH = YES;
				COPY_PHASE_STRIP = NO;
				DEBUG_INFORMATION_FORMAT = "dwarf-with-dsym";
				ENABLE_NS_ASSERTIONS = NO;
				ENABLE_STRICT_OBJC_MSGSEND = YES;
				GCC_C_LANGUAGE_STANDARD = gnu11;
				GCC_NO_COMMON_BLOCKS = YES;
				GCC_WARN_64_TO_32_BIT_CONVERSION = YES;
				GCC_WARN_ABOUT_RETURN_TYPE = YES_ERROR;
				GCC_WARN_UNDECLARED_SELECTOR = YES;
				GCC_WARN_UNINITIALIZED_AUTOS = YES_AGGRESSIVE;
				GCC_WARN_UNUSED_FUNCTION = YES;
				GCC_WARN_UNUSED_VARIABLE = YES;
				IPHONEOS_DEPLOYMENT_TARGET = 13.7;
				MTL_ENABLE_DEBUG_INFO = NO;
				MTL_FAST_MATH = YES;
				SDKROOT = iphoneos;
				SWIFT_COMPILATION_MODE = wholemodule;
				SWIFT_OPTIMIZATION_LEVEL = "-O";
				VALIDATE_PRODUCT = YES;
			};
			name = Release;
		};
		2FA9F05A2531D65F00E685C5 /* Debug */ = {
			isa = XCBuildConfiguration;
			buildSettings = {
				ASSETCATALOG_COMPILER_APPICON_NAME = AppIcon;
				CODE_SIGN_STYLE = Automatic;
				DEVELOPMENT_TEAM = TFMF8V2D92;
				INFOPLIST_FILE = AppFuncionarios/Info.plist;
				LD_RUNPATH_SEARCH_PATHS = (
					"$(inherited)",
					"@executable_path/Frameworks",
				);
				MARKETING_VERSION = 1.0.0;
				PRODUCT_BUNDLE_IDENTIFIER = br.pro.nova.AppFuncionarios;
				PRODUCT_NAME = "$(TARGET_NAME)";
				SWIFT_VERSION = 5.0;
				TARGETED_DEVICE_FAMILY = 1;
			};
			name = Debug;
		};
		2FA9F05B2531D65F00E685C5 /* Release */ = {
			isa = XCBuildConfiguration;
			buildSettings = {
				ASSETCATALOG_COMPILER_APPICON_NAME = AppIcon;
				CODE_SIGN_STYLE = Automatic;
				DEVELOPMENT_TEAM = TFMF8V2D92;
				INFOPLIST_FILE = AppFuncionarios/Info.plist;
				LD_RUNPATH_SEARCH_PATHS = (
					"$(inherited)",
					"@executable_path/Frameworks",
				);
				MARKETING_VERSION = 1.0.0;
				PRODUCT_BUNDLE_IDENTIFIER = br.pro.nova.AppFuncionarios;
				PRODUCT_NAME = "$(TARGET_NAME)";
				SWIFT_VERSION = 5.0;
				TARGETED_DEVICE_FAMILY = 1;
			};
			name = Release;
		};
/* End XCBuildConfiguration section */

/* Begin XCConfigurationList section */
		2FA9F0402531D65C00E685C5 /* Build configuration list for PBXProject "AppFuncionarios" */ = {
			isa = XCConfigurationList;
			buildConfigurations = (
				2FA9F0572531D65F00E685C5 /* Debug */,
				2FA9F0582531D65F00E685C5 /* Release */,
			);
			defaultConfigurationIsVisible = 0;
			defaultConfigurationName = Release;
		};
		2FA9F0592531D65F00E685C5 /* Build configuration list for PBXNativeTarget "AppFuncionarios" */ = {
			isa = XCConfigurationList;
			buildConfigurations = (
				2FA9F05A2531D65F00E685C5 /* Debug */,
				2FA9F05B2531D65F00E685C5 /* Release */,
			);
			defaultConfigurationIsVisible = 0;
			defaultConfigurationName = Release;
		};
/* End XCConfigurationList section */
	};
	rootObject = 2FA9F03D2531D65C00E685C5 /* Project object */;
}
